// !$*UTF8*$!
{
	archiveVersion = 1;
	classes = {
	};
	objectVersion = 54;
	objects = {

/* Begin PBXBuildFile section */
		23FDEBB9248744C10071B670 /* AppDelegate.swift in Sources */ = {isa = PBXBuildFile; fileRef = 23FDEBB8248744C10071B670 /* AppDelegate.swift */; };
		23FDEBBD248744C10071B670 /* ViewController.swift in Sources */ = {isa = PBXBuildFile; fileRef = 23FDEBBC248744C10071B670 /* ViewController.swift */; };
		23FDEBC2248744C20071B670 /* Assets.xcassets in Resources */ = {isa = PBXBuildFile; fileRef = 23FDEBC1248744C20071B670 /* Assets.xcassets */; };
		23FDEBC5248744C20071B670 /* LaunchScreen.storyboard in Resources */ = {isa = PBXBuildFile; fileRef = 23FDEBC3248744C20071B670 /* LaunchScreen.storyboard */; };
		23FDEBD0248744C20071B670 /* MLButtonTests.swift in Sources */ = {isa = PBXBuildFile; fileRef = 23FDEBCF248744C20071B670 /* MLButtonTests.swift */; };
		23FDEBDB248744C20071B670 /* MLButtonUITests.swift in Sources */ = {isa = PBXBuildFile; fileRef = 23FDEBDA248744C20071B670 /* MLButtonUITests.swift */; };
		23FDEBF22487A2290071B670 /* MLBadgeView.swift in Sources */ = {isa = PBXBuildFile; fileRef = 23FDEBF02487A2290071B670 /* MLBadgeView.swift */; };
		23FDEBF32487A2290071B670 /* MLButton.swift in Sources */ = {isa = PBXBuildFile; fileRef = 23FDEBF12487A2290071B670 /* MLButton.swift */; };
		964555490B2B1BFF9603E619 /* Pods_MLButton_MLButtonUITests.framework in Frameworks */ = {isa = PBXBuildFile; fileRef = F7B0E0FA6038C9EDE9699E0C /* Pods_MLButton_MLButtonUITests.framework */; };
		AF5BAEE6CAB4484A918159C5 /* Pods_MLButton.framework in Frameworks */ = {isa = PBXBuildFile; fileRef = B0A8440BA09DDA126611FCD6 /* Pods_MLButton.framework */; };
		C76F981737E2211E20EF3553 /* Pods_MLButtonTests.framework in Frameworks */ = {isa = PBXBuildFile; fileRef = 2B88B7846FE455D344D33C8E /* Pods_MLButtonTests.framework */; };
/* End PBXBuildFile section */

/* Begin PBXContainerItemProxy section */
		23FDEBCC248744C20071B670 /* PBXContainerItemProxy */ = {
			isa = PBXContainerItemProxy;
			containerPortal = 23FDEBAD248744C10071B670 /* Project object */;
			proxyType = 1;
			remoteGlobalIDString = 23FDEBB4248744C10071B670;
			remoteInfo = MLButton;
		};
		23FDEBD7248744C20071B670 /* PBXContainerItemProxy */ = {
			isa = PBXContainerItemProxy;
			containerPortal = 23FDEBAD248744C10071B670 /* Project object */;
			proxyType = 1;
			remoteGlobalIDString = 23FDEBB4248744C10071B670;
			remoteInfo = MLButton;
		};
/* End PBXContainerItemProxy section */

/* Begin PBXFileReference section */
		03B97DB81F2BAFDACE161F31 /* Pods-MLButton-MLButtonUITests.debug.xcconfig */ = {isa = PBXFileReference; includeInIndex = 1; lastKnownFileType = text.xcconfig; name = "Pods-MLButton-MLButtonUITests.debug.xcconfig"; path = "Target Support Files/Pods-MLButton-MLButtonUITests/Pods-MLButton-MLButtonUITests.debug.xcconfig"; sourceTree = "<group>"; };
		1D0C79CC40AEAE5D831A6883 /* Pods-MLButtonTests.release.xcconfig */ = {isa = PBXFileReference; includeInIndex = 1; lastKnownFileType = text.xcconfig; name = "Pods-MLButtonTests.release.xcconfig"; path = "Target Support Files/Pods-MLButtonTests/Pods-MLButtonTests.release.xcconfig"; sourceTree = "<group>"; };
		23FDEBB5248744C10071B670 /* MLButton.app */ = {isa = PBXFileReference; explicitFileType = wrapper.application; includeInIndex = 0; path = MLButton.app; sourceTree = BUILT_PRODUCTS_DIR; };
		23FDEBB8248744C10071B670 /* AppDelegate.swift */ = {isa = PBXFileReference; lastKnownFileType = sourcecode.swift; path = AppDelegate.swift; sourceTree = "<group>"; };
		23FDEBBC248744C10071B670 /* ViewController.swift */ = {isa = PBXFileReference; lastKnownFileType = sourcecode.swift; path = ViewController.swift; sourceTree = "<group>"; };
		23FDEBC1248744C20071B670 /* Assets.xcassets */ = {isa = PBXFileReference; lastKnownFileType = folder.assetcatalog; path = Assets.xcassets; sourceTree = "<group>"; };
		23FDEBC4248744C20071B670 /* Base */ = {isa = PBXFileReference; lastKnownFileType = file.storyboard; name = Base; path = Base.lproj/LaunchScreen.storyboard; sourceTree = "<group>"; };
		23FDEBC6248744C20071B670 /* Info.plist */ = {isa = PBXFileReference; lastKnownFileType = text.plist.xml; path = Info.plist; sourceTree = "<group>"; };
		23FDEBCB248744C20071B670 /* MLButtonTests.xctest */ = {isa = PBXFileReference; explicitFileType = wrapper.cfbundle; includeInIndex = 0; path = MLButtonTests.xctest; sourceTree = BUILT_PRODUCTS_DIR; };
		23FDEBCF248744C20071B670 /* MLButtonTests.swift */ = {isa = PBXFileReference; lastKnownFileType = sourcecode.swift; path = MLButtonTests.swift; sourceTree = "<group>"; };
		23FDEBD1248744C20071B670 /* Info.plist */ = {isa = PBXFileReference; lastKnownFileType = text.plist.xml; path = Info.plist; sourceTree = "<group>"; };
		23FDEBD6248744C20071B670 /* MLButtonUITests.xctest */ = {isa = PBXFileReference; explicitFileType = wrapper.cfbundle; includeInIndex = 0; path = MLButtonUITests.xctest; sourceTree = BUILT_PRODUCTS_DIR; };
		23FDEBDA248744C20071B670 /* MLButtonUITests.swift */ = {isa = PBXFileReference; lastKnownFileType = sourcecode.swift; path = MLButtonUITests.swift; sourceTree = "<group>"; };
		23FDEBDC248744C20071B670 /* Info.plist */ = {isa = PBXFileReference; lastKnownFileType = text.plist.xml; path = Info.plist; sourceTree = "<group>"; };
		23FDEBF02487A2290071B670 /* MLBadgeView.swift */ = {isa = PBXFileReference; fileEncoding = 4; lastKnownFileType = sourcecode.swift; path = MLBadgeView.swift; sourceTree = "<group>"; };
		23FDEBF12487A2290071B670 /* MLButton.swift */ = {isa = PBXFileReference; fileEncoding = 4; lastKnownFileType = sourcecode.swift; path = MLButton.swift; sourceTree = "<group>"; };
		2B88B7846FE455D344D33C8E /* Pods_MLButtonTests.framework */ = {isa = PBXFileReference; explicitFileType = wrapper.framework; includeInIndex = 0; path = Pods_MLButtonTests.framework; sourceTree = BUILT_PRODUCTS_DIR; };
		43AF4A660D0F24C0CD657EB4 /* Pods-MLButtonTests.debug.xcconfig */ = {isa = PBXFileReference; includeInIndex = 1; lastKnownFileType = text.xcconfig; name = "Pods-MLButtonTests.debug.xcconfig"; path = "Target Support Files/Pods-MLButtonTests/Pods-MLButtonTests.debug.xcconfig"; sourceTree = "<group>"; };
		842C949CF4FC38E3097A43C8 /* Pods-MLButton.debug.xcconfig */ = {isa = PBXFileReference; includeInIndex = 1; lastKnownFileType = text.xcconfig; name = "Pods-MLButton.debug.xcconfig"; path = "Target Support Files/Pods-MLButton/Pods-MLButton.debug.xcconfig"; sourceTree = "<group>"; };
		B0A8440BA09DDA126611FCD6 /* Pods_MLButton.framework */ = {isa = PBXFileReference; explicitFileType = wrapper.framework; includeInIndex = 0; path = Pods_MLButton.framework; sourceTree = BUILT_PRODUCTS_DIR; };
		E367384B7EE0CC0FA0ADF5B3 /* Pods-MLButton-MLButtonUITests.release.xcconfig */ = {isa = PBXFileReference; includeInIndex = 1; lastKnownFileType = text.xcconfig; name = "Pods-MLButton-MLButtonUITests.release.xcconfig"; path = "Target Support Files/Pods-MLButton-MLButtonUITests/Pods-MLButton-MLButtonUITests.release.xcconfig"; sourceTree = "<group>"; };
		F22628DF5C6A00762A51BC48 /* Pods-MLButton.release.xcconfig */ = {isa = PBXFileReference; includeInIndex = 1; lastKnownFileType = text.xcconfig; name = "Pods-MLButton.release.xcconfig"; path = "Target Support Files/Pods-MLButton/Pods-MLButton.release.xcconfig"; sourceTree = "<group>"; };
		F7B0E0FA6038C9EDE9699E0C /* Pods_MLButton_MLButtonUITests.framework */ = {isa = PBXFileReference; explicitFileType = wrapper.framework; includeInIndex = 0; path = Pods_MLButton_MLButtonUITests.framework; sourceTree = BUILT_PRODUCTS_DIR; };
/* End PBXFileReference section */

/* Begin PBXFrameworksBuildPhase section */
		23FDEBB2248744C10071B670 /* Frameworks */ = {
			isa = PBXFrameworksBuildPhase;
			buildActionMask = 2147483647;
			files = (
				AF5BAEE6CAB4484A918159C5 /* Pods_MLButton.framework in Frameworks */,
			);
			runOnlyForDeploymentPostprocessing = 0;
		};
		23FDEBC8248744C20071B670 /* Frameworks */ = {
			isa = PBXFrameworksBuildPhase;
			buildActionMask = 2147483647;
			files = (
				C76F981737E2211E20EF3553 /* Pods_MLButtonTests.framework in Frameworks */,
			);
			runOnlyForDeploymentPostprocessing = 0;
		};
		23FDEBD3248744C20071B670 /* Frameworks */ = {
			isa = PBXFrameworksBuildPhase;
			buildActionMask = 2147483647;
			files = (
				964555490B2B1BFF9603E619 /* Pods_MLButton_MLButtonUITests.framework in Frameworks */,
			);
			runOnlyForDeploymentPostprocessing = 0;
		};
/* End PBXFrameworksBuildPhase section */

/* Begin PBXGroup section */
		086ADACC728CEBE935C70268 /* Pods */ = {
			isa = PBXGroup;
			children = (
				842C949CF4FC38E3097A43C8 /* Pods-MLButton.debug.xcconfig */,
				F22628DF5C6A00762A51BC48 /* Pods-MLButton.release.xcconfig */,
				03B97DB81F2BAFDACE161F31 /* Pods-MLButton-MLButtonUITests.debug.xcconfig */,
				E367384B7EE0CC0FA0ADF5B3 /* Pods-MLButton-MLButtonUITests.release.xcconfig */,
				43AF4A660D0F24C0CD657EB4 /* Pods-MLButtonTests.debug.xcconfig */,
				1D0C79CC40AEAE5D831A6883 /* Pods-MLButtonTests.release.xcconfig */,
			);
			path = Pods;
			sourceTree = "<group>";
		};
		23FDEBAC248744C10071B670 = {
			isa = PBXGroup;
			children = (
				23FDEBB7248744C10071B670 /* MLButton */,
				23FDEBCE248744C20071B670 /* MLButtonTests */,
				23FDEBD9248744C20071B670 /* MLButtonUITests */,
				23FDEBB6248744C10071B670 /* Products */,
				086ADACC728CEBE935C70268 /* Pods */,
				4BBBC74A5580055F7EF7DF7C /* Frameworks */,
			);
			sourceTree = "<group>";
		};
		23FDEBB6248744C10071B670 /* Products */ = {
			isa = PBXGroup;
			children = (
				23FDEBB5248744C10071B670 /* MLButton.app */,
				23FDEBCB248744C20071B670 /* MLButtonTests.xctest */,
				23FDEBD6248744C20071B670 /* MLButtonUITests.xctest */,
			);
			name = Products;
			sourceTree = "<group>";
		};
		23FDEBB7248744C10071B670 /* MLButton */ = {
			isa = PBXGroup;
			children = (
				23FDEBEF2487A2290071B670 /* MLButton */,
				23FDEBB8248744C10071B670 /* AppDelegate.swift */,
				23FDEBBC248744C10071B670 /* ViewController.swift */,
				23FDEBC1248744C20071B670 /* Assets.xcassets */,
				23FDEBC3248744C20071B670 /* LaunchScreen.storyboard */,
				23FDEBC6248744C20071B670 /* Info.plist */,
			);
			path = MLButton;
			sourceTree = "<group>";
		};
		23FDEBCE248744C20071B670 /* MLButtonTests */ = {
			isa = PBXGroup;
			children = (
				23FDEBCF248744C20071B670 /* MLButtonTests.swift */,
				23FDEBD1248744C20071B670 /* Info.plist */,
			);
			path = MLButtonTests;
			sourceTree = "<group>";
		};
		23FDEBD9248744C20071B670 /* MLButtonUITests */ = {
			isa = PBXGroup;
			children = (
				23FDEBDA248744C20071B670 /* MLButtonUITests.swift */,
				23FDEBDC248744C20071B670 /* Info.plist */,
			);
			path = MLButtonUITests;
			sourceTree = "<group>";
		};
		23FDEBEF2487A2290071B670 /* MLButton */ = {
			isa = PBXGroup;
			children = (
				23FDEBF02487A2290071B670 /* MLBadgeView.swift */,
				23FDEBF12487A2290071B670 /* MLButton.swift */,
			);
			name = MLButton;
			path = ../../MLButton;
			sourceTree = "<group>";
		};
		4BBBC74A5580055F7EF7DF7C /* Frameworks */ = {
			isa = PBXGroup;
			children = (
				B0A8440BA09DDA126611FCD6 /* Pods_MLButton.framework */,
				F7B0E0FA6038C9EDE9699E0C /* Pods_MLButton_MLButtonUITests.framework */,
				2B88B7846FE455D344D33C8E /* Pods_MLButtonTests.framework */,
			);
			name = Frameworks;
			sourceTree = "<group>";
		};
/* End PBXGroup section */

/* Begin PBXNativeTarget section */
		23FDEBB4248744C10071B670 /* MLButton */ = {
			isa = PBXNativeTarget;
			buildConfigurationList = 23FDEBDF248744C20071B670 /* Build configuration list for PBXNativeTarget "MLButton" */;
			buildPhases = (
				70CDF88EF0CDF0C45727D557 /* [CP] Check Pods Manifest.lock */,
				23FDEBB1248744C10071B670 /* Sources */,
				23FDEBB2248744C10071B670 /* Frameworks */,
				23FDEBB3248744C10071B670 /* Resources */,
				F7AB483DA0FB907F8BAFE010 /* [CP] Embed Pods Frameworks */,
			);
			buildRules = (
			);
			dependencies = (
			);
			name = MLButton;
			productName = MLButton;
			productReference = 23FDEBB5248744C10071B670 /* MLButton.app */;
			productType = "com.apple.product-type.application";
		};
		23FDEBCA248744C20071B670 /* MLButtonTests */ = {
			isa = PBXNativeTarget;
			buildConfigurationList = 23FDEBE2248744C20071B670 /* Build configuration list for PBXNativeTarget "MLButtonTests" */;
			buildPhases = (
				4A21FF2037B9E1C477345FA4 /* [CP] Check Pods Manifest.lock */,
				23FDEBC7248744C20071B670 /* Sources */,
				23FDEBC8248744C20071B670 /* Frameworks */,
				23FDEBC9248744C20071B670 /* Resources */,
			);
			buildRules = (
			);
			dependencies = (
				23FDEBCD248744C20071B670 /* PBXTargetDependency */,
			);
			name = MLButtonTests;
			productName = MLButtonTests;
			productReference = 23FDEBCB248744C20071B670 /* MLButtonTests.xctest */;
			productType = "com.apple.product-type.bundle.unit-test";
		};
		23FDEBD5248744C20071B670 /* MLButtonUITests */ = {
			isa = PBXNativeTarget;
			buildConfigurationList = 23FDEBE5248744C20071B670 /* Build configuration list for PBXNativeTarget "MLButtonUITests" */;
			buildPhases = (
				3F3023668FD08525EE573B03 /* [CP] Check Pods Manifest.lock */,
				23FDEBD2248744C20071B670 /* Sources */,
				23FDEBD3248744C20071B670 /* Frameworks */,
				23FDEBD4248744C20071B670 /* Resources */,
				3530EEB411DBC6087E613B6B /* [CP] Embed Pods Frameworks */,
			);
			buildRules = (
			);
			dependencies = (
				23FDEBD8248744C20071B670 /* PBXTargetDependency */,
			);
			name = MLButtonUITests;
			productName = MLButtonUITests;
			productReference = 23FDEBD6248744C20071B670 /* MLButtonUITests.xctest */;
			productType = "com.apple.product-type.bundle.ui-testing";
		};
/* End PBXNativeTarget section */

/* Begin PBXProject section */
		23FDEBAD248744C10071B670 /* Project object */ = {
			isa = PBXProject;
			attributes = {
				LastSwiftUpdateCheck = 1130;
				LastUpgradeCheck = 1130;
				ORGANIZATIONNAME = Meilbn;
				TargetAttributes = {
					23FDEBB4248744C10071B670 = {
						CreatedOnToolsVersion = 11.3;
					};
					23FDEBCA248744C20071B670 = {
						CreatedOnToolsVersion = 11.3;
						TestTargetID = 23FDEBB4248744C10071B670;
					};
					23FDEBD5248744C20071B670 = {
						CreatedOnToolsVersion = 11.3;
						TestTargetID = 23FDEBB4248744C10071B670;
					};
				};
			};
			buildConfigurationList = 23FDEBB0248744C10071B670 /* Build configuration list for PBXProject "MLButton" */;
			compatibilityVersion = "Xcode 9.3";
			developmentRegion = en;
			hasScannedForEncodings = 0;
			knownRegions = (
				en,
				Base,
			);
			mainGroup = 23FDEBAC248744C10071B670;
			productRefGroup = 23FDEBB6248744C10071B670 /* Products */;
			projectDirPath = "";
			projectRoot = "";
			targets = (
				23FDEBB4248744C10071B670 /* MLButton */,
				23FDEBCA248744C20071B670 /* MLButtonTests */,
				23FDEBD5248744C20071B670 /* MLButtonUITests */,
			);
		};
/* End PBXProject section */

/* Begin PBXResourcesBuildPhase section */
		23FDEBB3248744C10071B670 /* Resources */ = {
			isa = PBXResourcesBuildPhase;
			buildActionMask = 2147483647;
			files = (
				23FDEBC5248744C20071B670 /* LaunchScreen.storyboard in Resources */,
				23FDEBC2248744C20071B670 /* Assets.xcassets in Resources */,
			);
			runOnlyForDeploymentPostprocessing = 0;
		};
		23FDEBC9248744C20071B670 /* Resources */ = {
			isa = PBXResourcesBuildPhase;
			buildActionMask = 2147483647;
			files = (
			);
			runOnlyForDeploymentPostprocessing = 0;
		};
		23FDEBD4248744C20071B670 /* Resources */ = {
			isa = PBXResourcesBuildPhase;
			buildActionMask = 2147483647;
			files = (
			);
			runOnlyForDeploymentPostprocessing = 0;
		};
/* End PBXResourcesBuildPhase section */

/* Begin PBXShellScriptBuildPhase section */
		3530EEB411DBC6087E613B6B /* [CP] Embed Pods Frameworks */ = {
			isa = PBXShellScriptBuildPhase;
			buildActionMask = 2147483647;
			files = (
			);
			inputFileListPaths = (
				"${PODS_ROOT}/Target Support Files/Pods-MLButton-MLButtonUITests/Pods-MLButton-MLButtonUITests-frameworks-${CONFIGURATION}-input-files.xcfilelist",
			);
			name = "[CP] Embed Pods Frameworks";
			outputFileListPaths = (
				"${PODS_ROOT}/Target Support Files/Pods-MLButton-MLButtonUITests/Pods-MLButton-MLButtonUITests-frameworks-${CONFIGURATION}-output-files.xcfilelist",
			);
			runOnlyForDeploymentPostprocessing = 0;
			shellPath = /bin/sh;
			shellScript = "\"${PODS_ROOT}/Target Support Files/Pods-MLButton-MLButtonUITests/Pods-MLButton-MLButtonUITests-frameworks.sh\"\n";
			showEnvVarsInLog = 0;
		};
		3F3023668FD08525EE573B03 /* [CP] Check Pods Manifest.lock */ = {
			isa = PBXShellScriptBuildPhase;
			buildActionMask = 2147483647;
			files = (
			);
			inputFileListPaths = (
			);
			inputPaths = (
				"${PODS_PODFILE_DIR_PATH}/Podfile.lock",
				"${PODS_ROOT}/Manifest.lock",
			);
			name = "[CP] Check Pods Manifest.lock";
			outputFileListPaths = (
			);
			outputPaths = (
				"$(DERIVED_FILE_DIR)/Pods-MLButton-MLButtonUITests-checkManifestLockResult.txt",
			);
			runOnlyForDeploymentPostprocessing = 0;
			shellPath = /bin/sh;
			shellScript = "diff \"${PODS_PODFILE_DIR_PATH}/Podfile.lock\" \"${PODS_ROOT}/Manifest.lock\" > /dev/null\nif [ $? != 0 ] ; then\n    # print error to STDERR\n    echo \"error: The sandbox is not in sync with the Podfile.lock. Run 'pod install' or update your CocoaPods installation.\" >&2\n    exit 1\nfi\n# This output is used by Xcode 'outputs' to avoid re-running this script phase.\necho \"SUCCESS\" > \"${SCRIPT_OUTPUT_FILE_0}\"\n";
			showEnvVarsInLog = 0;
		};
		4A21FF2037B9E1C477345FA4 /* [CP] Check Pods Manifest.lock */ = {
			isa = PBXShellScriptBuildPhase;
			buildActionMask = 2147483647;
			files = (
			);
			inputFileListPaths = (
			);
			inputPaths = (
				"${PODS_PODFILE_DIR_PATH}/Podfile.lock",
				"${PODS_ROOT}/Manifest.lock",
			);
			name = "[CP] Check Pods Manifest.lock";
			outputFileListPaths = (
			);
			outputPaths = (
				"$(DERIVED_FILE_DIR)/Pods-MLButtonTests-checkManifestLockResult.txt",
			);
			runOnlyForDeploymentPostprocessing = 0;
			shellPath = /bin/sh;
			shellScript = "diff \"${PODS_PODFILE_DIR_PATH}/Podfile.lock\" \"${PODS_ROOT}/Manifest.lock\" > /dev/null\nif [ $? != 0 ] ; then\n    # print error to STDERR\n    echo \"error: The sandbox is not in sync with the Podfile.lock. Run 'pod install' or update your CocoaPods installation.\" >&2\n    exit 1\nfi\n# This output is used by Xcode 'outputs' to avoid re-running this script phase.\necho \"SUCCESS\" > \"${SCRIPT_OUTPUT_FILE_0}\"\n";
			showEnvVarsInLog = 0;
		};
		70CDF88EF0CDF0C45727D557 /* [CP] Check Pods Manifest.lock */ = {
			isa = PBXShellScriptBuildPhase;
			buildActionMask = 2147483647;
			files = (
			);
			inputFileListPaths = (
			);
			inputPaths = (
				"${PODS_PODFILE_DIR_PATH}/Podfile.lock",
				"${PODS_ROOT}/Manifest.lock",
			);
			name = "[CP] Check Pods Manifest.lock";
			outputFileListPaths = (
			);
			outputPaths = (
				"$(DERIVED_FILE_DIR)/Pods-MLButton-checkManifestLockResult.txt",
			);
			runOnlyForDeploymentPostprocessing = 0;
			shellPath = /bin/sh;
			shellScript = "diff \"${PODS_PODFILE_DIR_PATH}/Podfile.lock\" \"${PODS_ROOT}/Manifest.lock\" > /dev/null\nif [ $? != 0 ] ; then\n    # print error to STDERR\n    echo \"error: The sandbox is not in sync with the Podfile.lock. Run 'pod install' or update your CocoaPods installation.\" >&2\n    exit 1\nfi\n# This output is used by Xcode 'outputs' to avoid re-running this script phase.\necho \"SUCCESS\" > \"${SCRIPT_OUTPUT_FILE_0}\"\n";
			showEnvVarsInLog = 0;
		};
		F7AB483DA0FB907F8BAFE010 /* [CP] Embed Pods Frameworks */ = {
			isa = PBXShellScriptBuildPhase;
			buildActionMask = 2147483647;
			files = (
			);
			inputFileListPaths = (
				"${PODS_ROOT}/Target Support Files/Pods-MLButton/Pods-MLButton-frameworks-${CONFIGURATION}-input-files.xcfilelist",
			);
			name = "[CP] Embed Pods Frameworks";
			outputFileListPaths = (
				"${PODS_ROOT}/Target Support Files/Pods-MLButton/Pods-MLButton-frameworks-${CONFIGURATION}-output-files.xcfilelist",
			);
			runOnlyForDeploymentPostprocessing = 0;
			shellPath = /bin/sh;
			shellScript = "\"${PODS_ROOT}/Target Support Files/Pods-MLButton/Pods-MLButton-frameworks.sh\"\n";
			showEnvVarsInLog = 0;
		};
/* End PBXShellScriptBuildPhase section */

/* Begin PBXSourcesBuildPhase section */
		23FDEBB1248744C10071B670 /* Sources */ = {
			isa = PBXSourcesBuildPhase;
			buildActionMask = 2147483647;
			files = (
				23FDEBBD248744C10071B670 /* ViewController.swift in Sources */,
				23FDEBF22487A2290071B670 /* MLBadgeView.swift in Sources */,
				23FDEBF32487A2290071B670 /* MLButton.swift in Sources */,
				23FDEBB9248744C10071B670 /* AppDelegate.swift in Sources */,
			);
			runOnlyForDeploymentPostprocessing = 0;
		};
		23FDEBC7248744C20071B670 /* Sources */ = {
			isa = PBXSourcesBuildPhase;
			buildActionMask = 2147483647;
			files = (
				23FDEBD0248744C20071B670 /* MLButtonTests.swift in Sources */,
			);
			runOnlyForDeploymentPostprocessing = 0;
		};
		23FDEBD2248744C20071B670 /* Sources */ = {
			isa = PBXSourcesBuildPhase;
			buildActionMask = 2147483647;
			files = (
				23FDEBDB248744C20071B670 /* MLButtonUITests.swift in Sources */,
			);
			runOnlyForDeploymentPostprocessing = 0;
		};
/* End PBXSourcesBuildPhase section */

/* Begin PBXTargetDependency section */
		23FDEBCD248744C20071B670 /* PBXTargetDependency */ = {
			isa = PBXTargetDependency;
			target = 23FDEBB4248744C10071B670 /* MLButton */;
			targetProxy = 23FDEBCC248744C20071B670 /* PBXContainerItemProxy */;
		};
		23FDEBD8248744C20071B670 /* PBXTargetDependency */ = {
			isa = PBXTargetDependency;
			target = 23FDEBB4248744C10071B670 /* MLButton */;
			targetProxy = 23FDEBD7248744C20071B670 /* PBXContainerItemProxy */;
		};
/* End PBXTargetDependency section */

/* Begin PBXVariantGroup section */
		23FDEBC3248744C20071B670 /* LaunchScreen.storyboard */ = {
			isa = PBXVariantGroup;
			children = (
				23FDEBC4248744C20071B670 /* Base */,
			);
			name = LaunchScreen.storyboard;
			sourceTree = "<group>";
		};
/* End PBXVariantGroup section */

/* Begin XCBuildConfiguration section */
		23FDEBDD248744C20071B670 /* Debug */ = {
			isa = XCBuildConfiguration;
			buildSettings = {
				ALWAYS_SEARCH_USER_PATHS = NO;
				CLANG_ANALYZER_NONNULL = YES;
				CLANG_ANALYZER_NUMBER_OBJECT_CONVERSION = YES_AGGRESSIVE;
				CLANG_CXX_LANGUAGE_STANDARD = "gnu++14";
				CLANG_CXX_LIBRARY = "libc++";
				CLANG_ENABLE_MODULES = YES;
				CLANG_ENABLE_OBJC_ARC = YES;
				CLANG_ENABLE_OBJC_WEAK = YES;
				CLANG_WARN_BLOCK_CAPTURE_AUTORELEASING = YES;
				CLANG_WARN_BOOL_CONVERSION = YES;
				CLANG_WARN_COMMA = YES;
				CLANG_WARN_CONSTANT_CONVERSION = YES;
				CLANG_WARN_DEPRECATED_OBJC_IMPLEMENTATIONS = YES;
				CLANG_WARN_DIRECT_OBJC_ISA_USAGE = YES_ERROR;
				CLANG_WARN_DOCUMENTATION_COMMENTS = YES;
				CLANG_WARN_EMPTY_BODY = YES;
				CLANG_WARN_ENUM_CONVERSION = YES;
				CLANG_WARN_INFINITE_RECURSION = YES;
				CLANG_WARN_INT_CONVERSION = YES;
				CLANG_WARN_NON_LITERAL_NULL_CONVERSION = YES;
				CLANG_WARN_OBJC_IMPLICIT_RETAIN_SELF = YES;
				CLANG_WARN_OBJC_LITERAL_CONVERSION = YES;
				CLANG_WARN_OBJC_ROOT_CLASS = YES_ERROR;
				CLANG_WARN_RANGE_LOOP_ANALYSIS = YES;
				CLANG_WARN_STRICT_PROTOTYPES = YES;
				CLANG_WARN_SUSPICIOUS_MOVE = YES;
				CLANG_WARN_UNGUARDED_AVAILABILITY = YES_AGGRESSIVE;
				CLANG_WARN_UNREACHABLE_CODE = YES;
				CLANG_WARN__DUPLICATE_METHOD_MATCH = YES;
				COPY_PHASE_STRIP = NO;
				DEBUG_INFORMATION_FORMAT = dwarf;
				ENABLE_STRICT_OBJC_MSGSEND = YES;
				ENABLE_TESTABILITY = YES;
				GCC_C_LANGUAGE_STANDARD = gnu11;
				GCC_DYNAMIC_NO_PIC = NO;
				GCC_NO_COMMON_BLOCKS = YES;
				GCC_OPTIMIZATION_LEVEL = 0;
				GCC_PREPROCESSOR_DEFINITIONS = (
					"DEBUG=1",
					"$(inherited)",
				);
				GCC_WARN_64_TO_32_BIT_CONVERSION = YES;
				GCC_WARN_ABOUT_RETURN_TYPE = YES_ERROR;
				GCC_WARN_UNDECLARED_SELECTOR = YES;
				GCC_WARN_UNINITIALIZED_AUTOS = YES_AGGRESSIVE;
				GCC_WARN_UNUSED_FUNCTION = YES;
				GCC_WARN_UNUSED_VARIABLE = YES;
				IPHONEOS_DEPLOYMENT_TARGET = 13.2;
				MTL_ENABLE_DEBUG_INFO = INCLUDE_SOURCE;
				MTL_FAST_MATH = YES;
				ONLY_ACTIVE_ARCH = YES;
				SDKROOT = iphoneos;
				SWIFT_ACTIVE_COMPILATION_CONDITIONS = DEBUG;
				SWIFT_OPTIMIZATION_LEVEL = "-Onone";
			};
			name = Debug;
		};
		23FDEBDE248744C20071B670 /* Release */ = {
			isa = XCBuildConfiguration;
			buildSettings = {
				ALWAYS_SEARCH_USER_PATHS = NO;
				CLANG_ANALYZER_NONNULL = YES;
				CLANG_ANALYZER_NUMBER_OBJECT_CONVERSION = YES_AGGRESSIVE;
				CLANG_CXX_LANGUAGE_STANDARD = "gnu++14";
				CLANG_CXX_LIBRARY = "libc++";
				CLANG_ENABLE_MODULES = YES;
				CLANG_ENABLE_OBJC_ARC = YES;
				CLANG_ENABLE_OBJC_WEAK = YES;
				CLANG_WARN_BLOCK_CAPTURE_AUTORELEASING = YES;
				CLANG_WARN_BOOL_CONVERSION = YES;
				CLANG_WARN_COMMA = YES;
				CLANG_WARN_CONSTANT_CONVERSION = YES;
				CLANG_WARN_DEPRECATED_OBJC_IMPLEMENTATIONS = YES;
				CLANG_WARN_DIRECT_OBJC_ISA_USAGE = YES_ERROR;
				CLANG_WARN_DOCUMENTATION_COMMENTS = YES;
				CLANG_WARN_EMPTY_BODY = YES;
				CLANG_WARN_ENUM_CONVERSION = YES;
				CLANG_WARN_INFINITE_RECURSION = YES;
				CLANG_WARN_INT_CONVERSION = YES;
				CLANG_WARN_NON_LITERAL_NULL_CONVERSION = YES;
				CLANG_WARN_OBJC_IMPLICIT_RETAIN_SELF = YES;
				CLANG_WARN_OBJC_LITERAL_CONVERSION = YES;
				CLANG_WARN_OBJC_ROOT_CLASS = YES_ERROR;
				CLANG_WARN_RANGE_LOOP_ANALYSIS = YES;
				CLANG_WARN_STRICT_PROTOTYPES = YES;
				CLANG_WARN_SUSPICIOUS_MOVE = YES;
				CLANG_WARN_UNGUARDED_AVAILABILITY = YES_AGGRESSIVE;
				CLANG_WARN_UNREACHABLE_CODE = YES;
				CLANG_WARN__DUPLICATE_METHOD_MATCH = YES;
				COPY_PHASE_STRIP = NO;
				DEBUG_INFORMATION_FORMAT = "dwarf-with-dsym";
				ENABLE_NS_ASSERTIONS = NO;
				ENABLE_STRICT_OBJC_MSGSEND = YES;
				GCC_C_LANGUAGE_STANDARD = gnu11;
				GCC_NO_COMMON_BLOCKS = YES;
				GCC_WARN_64_TO_32_BIT_CONVERSION = YES;
				GCC_WARN_ABOUT_RETURN_TYPE = YES_ERROR;
				GCC_WARN_UNDECLARED_SELECTOR = YES;
				GCC_WARN_UNINITIALIZED_AUTOS = YES_AGGRESSIVE;
				GCC_WARN_UNUSED_FUNCTION = YES;
				GCC_WARN_UNUSED_VARIABLE = YES;
				IPHONEOS_DEPLOYMENT_TARGET = 13.2;
				MTL_ENABLE_DEBUG_INFO = NO;
				MTL_FAST_MATH = YES;
				SDKROOT = iphoneos;
				SWIFT_COMPILATION_MODE = wholemodule;
				SWIFT_OPTIMIZATION_LEVEL = "-O";
				VALIDATE_PRODUCT = YES;
			};
			name = Release;
		};
		23FDEBE0248744C20071B670 /* Debug */ = {
			isa = XCBuildConfiguration;
			baseConfigurationReference = 842C949CF4FC38E3097A43C8 /* Pods-MLButton.debug.xcconfig */;
			buildSettings = {
				ASSETCATALOG_COMPILER_APPICON_NAME = AppIcon;
				CODE_SIGN_STYLE = Automatic;
				DEVELOPMENT_TEAM = 5K64AXHS95;
				INFOPLIST_FILE = MLButton/Info.plist;
				IPHONEOS_DEPLOYMENT_TARGET = 12.0;
				LD_RUNPATH_SEARCH_PATHS = (
					"$(inherited)",
					"@executable_path/Frameworks",
				);
				PRODUCT_BUNDLE_IDENTIFIER = com.meilbn.MLButton;
				PRODUCT_NAME = "$(TARGET_NAME)";
				SWIFT_VERSION = 5.0;
				TARGETED_DEVICE_FAMILY = 1;
			};
			name = Debug;
		};
		23FDEBE1248744C20071B670 /* Release */ = {
			isa = XCBuildConfiguration;
			baseConfigurationReference = F22628DF5C6A00762A51BC48 /* Pods-MLButton.release.xcconfig */;
			buildSettings = {
				ASSETCATALOG_COMPILER_APPICON_NAME = AppIcon;
				CODE_SIGN_STYLE = Automatic;
				DEVELOPMENT_TEAM = 5K64AXHS95;
				INFOPLIST_FILE = MLButton/Info.plist;
				IPHONEOS_DEPLOYMENT_TARGET = 12.0;
				LD_RUNPATH_SEARCH_PATHS = (
					"$(inherited)",
					"@executable_path/Frameworks",
				);
				PRODUCT_BUNDLE_IDENTIFIER = com.meilbn.MLButton;
				PRODUCT_NAME = "$(TARGET_NAME)";
				SWIFT_VERSION = 5.0;
				TARGETED_DEVICE_FAMILY = 1;
			};
			name = Release;
		};
		23FDEBE3248744C20071B670 /* Debug */ = {
			isa = XCBuildConfiguration;
			baseConfigurationReference = 43AF4A660D0F24C0CD657EB4 /* Pods-MLButtonTests.debug.xcconfig */;
			buildSettings = {
				ALWAYS_EMBED_SWIFT_STANDARD_LIBRARIES = YES;
				BUNDLE_LOADER = "$(TEST_HOST)";
				CODE_SIGN_STYLE = Automatic;
				DEVELOPMENT_TEAM = 5K64AXHS95;
				INFOPLIST_FILE = MLButtonTests/Info.plist;
				IPHONEOS_DEPLOYMENT_TARGET = 13.2;
				LD_RUNPATH_SEARCH_PATHS = (
					"$(inherited)",
					"@executable_path/Frameworks",
					"@loader_path/Frameworks",
				);
				PRODUCT_BUNDLE_IDENTIFIER = com.meilbn.MLButtonTests;
				PRODUCT_NAME = "$(TARGET_NAME)";
				SWIFT_VERSION = 5.0;
				TARGETED_DEVICE_FAMILY = "1,2";
				TEST_HOST = "$(BUILT_PRODUCTS_DIR)/MLButton.app/MLButton";
			};
			name = Debug;
		};
		23FDEBE4248744C20071B670 /* Release */ = {
			isa = XCBuildConfiguration;
			baseConfigurationReference = 1D0C79CC40AEAE5D831A6883 /* Pods-MLButtonTests.release.xcconfig */;
			buildSettings = {
				ALWAYS_EMBED_SWIFT_STANDARD_LIBRARIES = YES;
				BUNDLE_LOADER = "$(TEST_HOST)";
				CODE_SIGN_STYLE = Automatic;
				DEVELOPMENT_TEAM = 5K64AXHS95;
				INFOPLIST_FILE = MLButtonTests/Info.plist;
				IPHONEOS_DEPLOYMENT_TARGET = 13.2;
				LD_RUNPATH_SEARCH_PATHS = (
					"$(inherited)",
					"@executable_path/Frameworks",
					"@loader_path/Frameworks",
				);
				PRODUCT_BUNDLE_IDENTIFIER = com.meilbn.MLButtonTests;
				PRODUCT_NAME = "$(TARGET_NAME)";
				SWIFT_VERSION = 5.0;
				TARGETED_DEVICE_FAMILY = "1,2";
				TEST_HOST = "$(BUILT_PRODUCTS_DIR)/MLButton.app/MLButton";
			};
			name = Release;
		};
		23FDEBE6248744C20071B670 /* Debug */ = {
			isa = XCBuildConfiguration;
			baseConfigurationReference = 03B97DB81F2BAFDACE161F31 /* Pods-MLButton-MLButtonUITests.debug.xcconfig */;
			buildSettings = {
				ALWAYS_EMBED_SWIFT_STANDARD_LIBRARIES = YES;
				CODE_SIGN_STYLE = Automatic;
				DEVELOPMENT_TEAM = 5K64AXHS95;
				INFOPLIST_FILE = MLButtonUITests/Info.plist;
				LD_RUNPATH_SEARCH_PATHS = (
					"$(inherited)",
					"@executable_path/Frameworks",
					"@loader_path/Frameworks",
				);
				PRODUCT_BUNDLE_IDENTIFIER = com.meilbn.MLButtonUITests;
				PRODUCT_NAME = "$(TARGET_NAME)";
				SWIFT_VERSION = 5.0;
				TARGETED_DEVICE_FAMILY = "1,2";
				TEST_TARGET_NAME = MLButton;
			};
			name = Debug;
		};
		23FDEBE7248744C20071B670 /* Release */ = {
			isa = XCBuildConfiguration;
			baseConfigurationReference = E367384B7EE0CC0FA0ADF5B3 /* Pods-MLButton-MLButtonUITests.release.xcconfig */;
			buildSettings = {
				ALWAYS_EMBED_SWIFT_STANDARD_LIBRARIES = YES;
				CODE_SIGN_STYLE = Automatic;
				DEVELOPMENT_TEAM = 5K64AXHS95;
				INFOPLIST_FILE = MLButtonUITests/Info.plist;
				LD_RUNPATH_SEARCH_PATHS = (
					"$(inherited)",
					"@executable_path/Frameworks",
					"@loader_path/Frameworks",
				);
				PRODUCT_BUNDLE_IDENTIFIER = com.meilbn.MLButtonUITests;
				PRODUCT_NAME = "$(TARGET_NAME)";
				SWIFT_VERSION = 5.0;
				TARGETED_DEVICE_FAMILY = "1,2";
				TEST_TARGET_NAME = MLButton;
			};
			name = Release;
		};
/* End XCBuildConfiguration section */

/* Begin XCConfigurationList section */
		23FDEBB0248744C10071B670 /* Build configuration list for PBXProject "MLButton" */ = {
			isa = XCConfigurationList;
			buildConfigurations = (
				23FDEBDD248744C20071B670 /* Debug */,
				23FDEBDE248744C20071B670 /* Release */,
			);
			defaultConfigurationIsVisible = 0;
			defaultConfigurationName = Release;
		};
		23FDEBDF248744C20071B670 /* Build configuration list for PBXNativeTarget "MLButton" */ = {
			isa = XCConfigurationList;
			buildConfigurations = (
				23FDEBE0248744C20071B670 /* Debug */,
				23FDEBE1248744C20071B670 /* Release */,
			);
			defaultConfigurationIsVisible = 0;
			defaultConfigurationName = Release;
		};
		23FDEBE2248744C20071B670 /* Build configuration list for PBXNativeTarget "MLButtonTests" */ = {
			isa = XCConfigurationList;
			buildConfigurations = (
				23FDEBE3248744C20071B670 /* Debug */,
				23FDEBE4248744C20071B670 /* Release */,
			);
			defaultConfigurationIsVisible = 0;
			defaultConfigurationName = Release;
		};
		23FDEBE5248744C20071B670 /* Build configuration list for PBXNativeTarget "MLButtonUITests" */ = {
			isa = XCConfigurationList;
			buildConfigurations = (
				23FDEBE6248744C20071B670 /* Debug */,
				23FDEBE7248744C20071B670 /* Release */,
			);
			defaultConfigurationIsVisible = 0;
			defaultConfigurationName = Release;
		};
/* End XCConfigurationList section */
	};
	rootObject = 23FDEBAD248744C10071B670 /* Project object */;
}
